
Microsoft Visual Studio Solution File, Format Version 12.00
# Visual Studio Version 17
VisualStudioVersion = 17.13.35931.197 d17.13
MinimumVisualStudioVersion = 10.0.40219.1
Project("{FAE04EC0-301F-11D3-BF4B-00C04F79EFBC}") = "Simpe", "Simpe\Simpe.csproj", "{97C321C0-DD02-49BF-A169-BB540DC4B526}"
EndProject
Global
	GlobalSection(SolutionConfigurationPlatforms) = preSolution
		Debug|Any CPU = Debug|Any CPU
		Release|Any CPU = Release|Any CPU
	EndGlobalSection
	GlobalSection(ProjectConfigurationPlatforms) = postSolution
		{97C321C0-DD02-49BF-A169-BB540DC4B526}.Debug|Any CPU.ActiveCfg = Debug|Any CPU
		{97C321C0-DD02-49BF-A169-BB540DC4B526}.Debug|Any CPU.Build.0 = Debug|Any CPU
		{97C321C0-DD02-49BF-A169-BB540DC4B526}.Release|Any CPU.ActiveCfg = Release|Any CPU
		{97C321C0-DD02-49BF-A169-BB540DC4B526}.Release|Any CPU.Build.0 = Release|Any CPU
	EndGlobalSection
	GlobalSection(SolutionProperties) = preSolution
		HideSolutionNode = FALSE
	EndGlobalSection
	GlobalSection(ExtensibilityGlobals) = postSolution
		SolutionGuid = {A82A4AA7-2636-4F3C-AECD-110C9DE28963}
	EndGlobalSection
EndGlobal
